
Microsoft Visual Studio Solution File, Format Version 12.00
# Visual Studio Version 17
VisualStudioVersion = 17.13.35806.99
MinimumVisualStudioVersion = 10.0.40219.1
Project("{FAE04EC0-301F-11D3-BF4B-00C04F79EFBC}") = "ConfigFileLibrary", "ConfigFileLibrary\ConfigFileLibrary.csproj", "{B9C70C1E-61ED-42C3-B641-3F2BE39EC0C0}"
EndProject
Project("{FAE04EC0-301F-11D3-BF4B-00C04F79EFBC}") = "ConfigFileLibrary.Tests", "ConfigFileLibrary.Tests\ConfigFileLibrary.Tests.csproj", "{0CD5BDD8-B3B3-4E06-909D-7C17E6A0A677}"
EndProject
Project("{FAE04EC0-301F-11D3-BF4B-00C04F79EFBC}") = "TestConsole", "TestConsole\TestConsole.csproj", "{34BE9081-2DB7-4750-A36F-25FA0A348A30}"
EndProject
Global
	GlobalSection(SolutionConfigurationPlatforms) = preSolution
		Debug|Any CPU = Debug|Any CPU
		Release|Any CPU = Release|Any CPU
	EndGlobalSection
	GlobalSection(ProjectConfigurationPlatforms) = postSolution
		{B9C70C1E-61ED-42C3-B641-3F2BE39EC0C0}.Debug|Any CPU.ActiveCfg = Debug|Any CPU
		{B9C70C1E-61ED-42C3-B641-3F2BE39EC0C0}.Debug|Any CPU.Build.0 = Debug|Any CPU
		{B9C70C1E-61ED-42C3-B641-3F2BE39EC0C0}.Release|Any CPU.ActiveCfg = Release|Any CPU
		{B9C70C1E-61ED-42C3-B641-3F2BE39EC0C0}.Release|Any CPU.Build.0 = Release|Any CPU
		{0CD5BDD8-B3B3-4E06-909D-7C17E6A0A677}.Debug|Any CPU.ActiveCfg = Debug|Any CPU
		{0CD5BDD8-B3B3-4E06-909D-7C17E6A0A677}.Debug|Any CPU.Build.0 = Debug|Any CPU
		{0CD5BDD8-B3B3-4E06-909D-7C17E6A0A677}.Release|Any CPU.ActiveCfg = Release|Any CPU
		{0CD5BDD8-B3B3-4E06-909D-7C17E6A0A677}.Release|Any CPU.Build.0 = Release|Any CPU
		{34BE9081-2DB7-4750-A36F-25FA0A348A30}.Debug|Any CPU.ActiveCfg = Debug|Any CPU
		{34BE9081-2DB7-4750-A36F-25FA0A348A30}.Debug|Any CPU.Build.0 = Debug|Any CPU
		{34BE9081-2DB7-4750-A36F-25FA0A348A30}.Release|Any CPU.ActiveCfg = Release|Any CPU
		{34BE9081-2DB7-4750-A36F-25FA0A348A30}.Release|Any CPU.Build.0 = Release|Any CPU
	EndGlobalSection
	GlobalSection(SolutionProperties) = preSolution
		HideSolutionNode = FALSE
	EndGlobalSection
	GlobalSection(ExtensibilityGlobals) = postSolution
		SolutionGuid = {D0B0D0FF-A119-43E8-B70F-158A85EBAB08}
	EndGlobalSection
EndGlobal
