
Microsoft Visual Studio Solution File, Format Version 12.00
# Visual Studio Version 17
VisualStudioVersion = 17.0.31903.59
MinimumVisualStudioVersion = 10.0.40219.1
Project("{2150E333-8FDC-42A3-9474-1A3956D46DE8}") = "Tests", "Tests", "{0AB3BF05-4346-4AA6-1389-037BE0695223}"
EndProject
Project("{FAE04EC0-301F-11D3-BF4B-00C04F79EFBC}") = "HowlDev.IO.Text.Parsers", "HowlDev.IO.Text.Parsers\HowlDev.IO.Text.Parsers.csproj", "{F2BC78E1-1AEE-4199-A372-4342B30F18ED}"
EndProject
Project("{FAE04EC0-301F-11D3-BF4B-00C04F79EFBC}") = "HowlDev.IO.Text.ConfigFile", "HowlDev.IO.Text.ConfigFile\HowlDev.IO.Text.ConfigFile.csproj", "{7E31216F-E03E-3275-8272-7DCBDDF88056}"
EndProject
Project("{FAE04EC0-301F-11D3-BF4B-00C04F79EFBC}") = "ConfigFileLibrary.Tests", "Tests\HowlDev.IO.Text.ConfigFile.Tests\ConfigFileLibrary.Tests.csproj", "{E1D5735D-ED82-7E43-51BF-30F606956BC0}"
EndProject
Project("{FAE04EC0-301F-11D3-BF4B-00C04F79EFBC}") = "HowlDev.IO.Text.Parsers.Tests", "Tests\HowlDev.IO.Text.Parsers.Tests\HowlDev.IO.Text.Parsers.Tests.csproj", "{3383B2A2-ADD4-41C3-A7DC-9AAD6B51D45C}"
EndProject
Global
	GlobalSection(SolutionConfigurationPlatforms) = preSolution
		Debug|Any CPU = Debug|Any CPU
		Debug|x64 = Debug|x64
		Debug|x86 = Debug|x86
		Release|Any CPU = Release|Any CPU
		Release|x64 = Release|x64
		Release|x86 = Release|x86
	EndGlobalSection
	GlobalSection(ProjectConfigurationPlatforms) = postSolution
		{F2BC78E1-1AEE-4199-A372-4342B30F18ED}.Debug|Any CPU.ActiveCfg = Debug|Any CPU
		{F2BC78E1-1AEE-4199-A372-4342B30F18ED}.Debug|Any CPU.Build.0 = Debug|Any CPU
		{F2BC78E1-1AEE-4199-A372-4342B30F18ED}.Debug|x64.ActiveCfg = Debug|Any CPU
		{F2BC78E1-1AEE-4199-A372-4342B30F18ED}.Debug|x64.Build.0 = Debug|Any CPU
		{F2BC78E1-1AEE-4199-A372-4342B30F18ED}.Debug|x86.ActiveCfg = Debug|Any CPU
		{F2BC78E1-1AEE-4199-A372-4342B30F18ED}.Debug|x86.Build.0 = Debug|Any CPU
		{F2BC78E1-1AEE-4199-A372-4342B30F18ED}.Release|Any CPU.ActiveCfg = Release|Any CPU
		{F2BC78E1-1AEE-4199-A372-4342B30F18ED}.Release|Any CPU.Build.0 = Release|Any CPU
		{F2BC78E1-1AEE-4199-A372-4342B30F18ED}.Release|x64.ActiveCfg = Release|Any CPU
		{F2BC78E1-1AEE-4199-A372-4342B30F18ED}.Release|x64.Build.0 = Release|Any CPU
		{F2BC78E1-1AEE-4199-A372-4342B30F18ED}.Release|x86.ActiveCfg = Release|Any CPU
		{F2BC78E1-1AEE-4199-A372-4342B30F18ED}.Release|x86.Build.0 = Release|Any CPU
		{7E31216F-E03E-3275-8272-7DCBDDF88056}.Debug|Any CPU.ActiveCfg = Debug|Any CPU
		{7E31216F-E03E-3275-8272-7DCBDDF88056}.Debug|Any CPU.Build.0 = Debug|Any CPU
		{7E31216F-E03E-3275-8272-7DCBDDF88056}.Debug|x64.ActiveCfg = Debug|Any CPU
		{7E31216F-E03E-3275-8272-7DCBDDF88056}.Debug|x64.Build.0 = Debug|Any CPU
		{7E31216F-E03E-3275-8272-7DCBDDF88056}.Debug|x86.ActiveCfg = Debug|Any CPU
		{7E31216F-E03E-3275-8272-7DCBDDF88056}.Debug|x86.Build.0 = Debug|Any CPU
		{7E31216F-E03E-3275-8272-7DCBDDF88056}.Release|Any CPU.ActiveCfg = Release|Any CPU
		{7E31216F-E03E-3275-8272-7DCBDDF88056}.Release|Any CPU.Build.0 = Release|Any CPU
		{7E31216F-E03E-3275-8272-7DCBDDF88056}.Release|x64.ActiveCfg = Release|Any CPU
		{7E31216F-E03E-3275-8272-7DCBDDF88056}.Release|x64.Build.0 = Release|Any CPU
		{7E31216F-E03E-3275-8272-7DCBDDF88056}.Release|x86.ActiveCfg = Release|Any CPU
		{7E31216F-E03E-3275-8272-7DCBDDF88056}.Release|x86.Build.0 = Release|Any CPU
		{E1D5735D-ED82-7E43-51BF-30F606956BC0}.Debug|Any CPU.ActiveCfg = Debug|Any CPU
		{E1D5735D-ED82-7E43-51BF-30F606956BC0}.Debug|Any CPU.Build.0 = Debug|Any CPU
		{E1D5735D-ED82-7E43-51BF-30F606956BC0}.Debug|x64.ActiveCfg = Debug|Any CPU
		{E1D5735D-ED82-7E43-51BF-30F606956BC0}.Debug|x64.Build.0 = Debug|Any CPU
		{E1D5735D-ED82-7E43-51BF-30F606956BC0}.Debug|x86.ActiveCfg = Debug|Any CPU
		{E1D5735D-ED82-7E43-51BF-30F606956BC0}.Debug|x86.Build.0 = Debug|Any CPU
		{E1D5735D-ED82-7E43-51BF-30F606956BC0}.Release|Any CPU.ActiveCfg = Release|Any CPU
		{E1D5735D-ED82-7E43-51BF-30F606956BC0}.Release|Any CPU.Build.0 = Release|Any CPU
		{E1D5735D-ED82-7E43-51BF-30F606956BC0}.Release|x64.ActiveCfg = Release|Any CPU
		{E1D5735D-ED82-7E43-51BF-30F606956BC0}.Release|x64.Build.0 = Release|Any CPU
		{E1D5735D-ED82-7E43-51BF-30F606956BC0}.Release|x86.ActiveCfg = Release|Any CPU
		{E1D5735D-ED82-7E43-51BF-30F606956BC0}.Release|x86.Build.0 = Release|Any CPU
		{3383B2A2-ADD4-41C3-A7DC-9AAD6B51D45C}.Debug|Any CPU.ActiveCfg = Debug|Any CPU
		{3383B2A2-ADD4-41C3-A7DC-9AAD6B51D45C}.Debug|Any CPU.Build.0 = Debug|Any CPU
		{3383B2A2-ADD4-41C3-A7DC-9AAD6B51D45C}.Debug|x64.ActiveCfg = Debug|Any CPU
		{3383B2A2-ADD4-41C3-A7DC-9AAD6B51D45C}.Debug|x64.Build.0 = Debug|Any CPU
		{3383B2A2-ADD4-41C3-A7DC-9AAD6B51D45C}.Debug|x86.ActiveCfg = Debug|Any CPU
		{3383B2A2-ADD4-41C3-A7DC-9AAD6B51D45C}.Debug|x86.Build.0 = Debug|Any CPU
		{3383B2A2-ADD4-41C3-A7DC-9AAD6B51D45C}.Release|Any CPU.ActiveCfg = Release|Any CPU
		{3383B2A2-ADD4-41C3-A7DC-9AAD6B51D45C}.Release|Any CPU.Build.0 = Release|Any CPU
		{3383B2A2-ADD4-41C3-A7DC-9AAD6B51D45C}.Release|x64.ActiveCfg = Release|Any CPU
		{3383B2A2-ADD4-41C3-A7DC-9AAD6B51D45C}.Release|x64.Build.0 = Release|Any CPU
		{3383B2A2-ADD4-41C3-A7DC-9AAD6B51D45C}.Release|x86.ActiveCfg = Release|Any CPU
		{3383B2A2-ADD4-41C3-A7DC-9AAD6B51D45C}.Release|x86.Build.0 = Release|Any CPU
	EndGlobalSection
	GlobalSection(SolutionProperties) = preSolution
		HideSolutionNode = FALSE
	EndGlobalSection
	GlobalSection(NestedProjects) = preSolution
		{E1D5735D-ED82-7E43-51BF-30F606956BC0} = {0AB3BF05-4346-4AA6-1389-037BE0695223}
		{3383B2A2-ADD4-41C3-A7DC-9AAD6B51D45C} = {0AB3BF05-4346-4AA6-1389-037BE0695223}
	EndGlobalSection
	GlobalSection(ExtensibilityGlobals) = postSolution
		SolutionGuid = {EE219335-5496-4BB1-BF97-562F905AFE0D}
	EndGlobalSection
EndGlobal
